
Microsoft Visual Studio Solution File, Format Version 12.00
# Visual Studio Version 16
VisualStudioVersion = 16.0.29306.81
MinimumVisualStudioVersion = 10.0.40219.1
Project("{FAE04EC0-301F-11D3-BF4B-00C04F79EFBC}") = "UnitTestReDogGrooming", "UnitTestReDogGrooming\UnitTestReDogGrooming.csproj", "{673B5066-AFE0-49B0-9705-A7F0E2704065}"
EndProject
Global
	GlobalSection(SolutionConfigurationPlatforms) = preSolution
		Debug|Any CPU = Debug|Any CPU
		Release|Any CPU = Release|Any CPU
	EndGlobalSection
	GlobalSection(ProjectConfigurationPlatforms) = postSolution
		{673B5066-AFE0-49B0-9705-A7F0E2704065}.Debug|Any CPU.ActiveCfg = Debug|Any CPU
		{673B5066-AFE0-49B0-9705-A7F0E2704065}.Debug|Any CPU.Build.0 = Debug|Any CPU
		{673B5066-AFE0-49B0-9705-A7F0E2704065}.Release|Any CPU.ActiveCfg = Release|Any CPU
		{673B5066-AFE0-49B0-9705-A7F0E2704065}.Release|Any CPU.Build.0 = Release|Any CPU
	EndGlobalSection
	GlobalSection(SolutionProperties) = preSolution
		HideSolutionNode = FALSE
	EndGlobalSection
	GlobalSection(ExtensibilityGlobals) = postSolution
		SolutionGuid = {40A98C92-0874-43AC-8705-AA381BB89B3B}
	EndGlobalSection
EndGlobal
