
Microsoft Visual Studio Solution File, Format Version 12.00
# Visual Studio Version 16
VisualStudioVersion = 16.0.29306.81
MinimumVisualStudioVersion = 10.0.40219.1
Project("{FAE04EC0-301F-11D3-BF4B-00C04F79EFBC}") = "ServiceCartTest", "ServiceCartTest\ServiceCartTest.csproj", "{84805CA1-8C94-41E0-BBBF-E18B1AC438F3}"
EndProject
Global
	GlobalSection(SolutionConfigurationPlatforms) = preSolution
		Debug|Any CPU = Debug|Any CPU
		Release|Any CPU = Release|Any CPU
	EndGlobalSection
	GlobalSection(ProjectConfigurationPlatforms) = postSolution
		{84805CA1-8C94-41E0-BBBF-E18B1AC438F3}.Debug|Any CPU.ActiveCfg = Debug|Any CPU
		{84805CA1-8C94-41E0-BBBF-E18B1AC438F3}.Debug|Any CPU.Build.0 = Debug|Any CPU
		{84805CA1-8C94-41E0-BBBF-E18B1AC438F3}.Release|Any CPU.ActiveCfg = Release|Any CPU
		{84805CA1-8C94-41E0-BBBF-E18B1AC438F3}.Release|Any CPU.Build.0 = Release|Any CPU
	EndGlobalSection
	GlobalSection(SolutionProperties) = preSolution
		HideSolutionNode = FALSE
	EndGlobalSection
	GlobalSection(ExtensibilityGlobals) = postSolution
		SolutionGuid = {6174682E-A4B7-4F44-BCE5-5757933AA923}
	EndGlobalSection
EndGlobal
